
Microsoft Visual Studio Solution File, Format Version 12.00
# Visual Studio 2013
VisualStudioVersion = 12.0.40629.0
MinimumVisualStudioVersion = 10.0.40219.1
Project("{FAE04EC0-301F-11D3-BF4B-00C04F79EFBC}") = "CreateARInvoice", "CreateDrafts\CreateARInvoice.csproj", "{19C3729E-7254-4B27-92BD-812D50EEE445}"
EndProject
Project("{FAE04EC0-301F-11D3-BF4B-00C04F79EFBC}") = "BaseSet", "BaseSet\BaseSet.csproj", "{F7FFB991-32E3-46EF-A68A-CEF41BFC13F2}"
EndProject
Project("{FAE04EC0-301F-11D3-BF4B-00C04F79EFBC}") = "CreateReturnARInvoice", "CreateReturnARInvoice\CreateReturnARInvoice.csproj", "{A8ED62E1-A041-4CE2-A42E-1D9B7ABF21C7}"
EndProject
Project("{FAE04EC0-301F-11D3-BF4B-00C04F79EFBC}") = "CreateSaleInvoice", "CreateSaleInvoice\CreateSaleInvoice.csproj", "{8E8F6E50-9264-4489-A2DE-8BD5368554BA}"
EndProject
Global
	GlobalSection(SolutionConfigurationPlatforms) = preSolution
		Debug|Any CPU = Debug|Any CPU
		Release|Any CPU = Release|Any CPU
	EndGlobalSection
	GlobalSection(ProjectConfigurationPlatforms) = postSolution
		{19C3729E-7254-4B27-92BD-812D50EEE445}.Debug|Any CPU.ActiveCfg = Debug|Any CPU
		{19C3729E-7254-4B27-92BD-812D50EEE445}.Debug|Any CPU.Build.0 = Debug|Any CPU
		{19C3729E-7254-4B27-92BD-812D50EEE445}.Release|Any CPU.ActiveCfg = Release|Any CPU
		{19C3729E-7254-4B27-92BD-812D50EEE445}.Release|Any CPU.Build.0 = Release|Any CPU
		{F7FFB991-32E3-46EF-A68A-CEF41BFC13F2}.Debug|Any CPU.ActiveCfg = Debug|Any CPU
		{F7FFB991-32E3-46EF-A68A-CEF41BFC13F2}.Debug|Any CPU.Build.0 = Debug|Any CPU
		{F7FFB991-32E3-46EF-A68A-CEF41BFC13F2}.Release|Any CPU.ActiveCfg = Release|Any CPU
		{F7FFB991-32E3-46EF-A68A-CEF41BFC13F2}.Release|Any CPU.Build.0 = Release|Any CPU
		{A8ED62E1-A041-4CE2-A42E-1D9B7ABF21C7}.Debug|Any CPU.ActiveCfg = Debug|Any CPU
		{A8ED62E1-A041-4CE2-A42E-1D9B7ABF21C7}.Debug|Any CPU.Build.0 = Debug|Any CPU
		{A8ED62E1-A041-4CE2-A42E-1D9B7ABF21C7}.Release|Any CPU.ActiveCfg = Release|Any CPU
		{A8ED62E1-A041-4CE2-A42E-1D9B7ABF21C7}.Release|Any CPU.Build.0 = Release|Any CPU
		{8E8F6E50-9264-4489-A2DE-8BD5368554BA}.Debug|Any CPU.ActiveCfg = Debug|Any CPU
		{8E8F6E50-9264-4489-A2DE-8BD5368554BA}.Debug|Any CPU.Build.0 = Debug|Any CPU
		{8E8F6E50-9264-4489-A2DE-8BD5368554BA}.Release|Any CPU.ActiveCfg = Release|Any CPU
		{8E8F6E50-9264-4489-A2DE-8BD5368554BA}.Release|Any CPU.Build.0 = Release|Any CPU
	EndGlobalSection
	GlobalSection(SolutionProperties) = preSolution
		HideSolutionNode = FALSE
	EndGlobalSection
EndGlobal
