
Microsoft Visual Studio Solution File, Format Version 12.00
# Visual Studio 2013
VisualStudioVersion = 12.0.40629.0
MinimumVisualStudioVersion = 10.0.40219.1
Project("{FAE04EC0-301F-11D3-BF4B-00C04F79EFBC}") = "AppWebAPI", "AppWebAPI\AppWebAPI.csproj", "{19F4BCE9-1373-431F-B10C-DE79AD13183A}"
EndProject
Project("{FAE04EC0-301F-11D3-BF4B-00C04F79EFBC}") = "TCMS_TO_TPOS", "DoDownload_api\TCMS_TO_TPOS.csproj", "{FFBA6178-92C9-4EFC-B602-CEBAF8DE80FF}"
EndProject
Project("{FAE04EC0-301F-11D3-BF4B-00C04F79EFBC}") = "TCMS_TO_TDB", "DoUP_api\TCMS_TO_TDB\TCMS_TO_TDB.csproj", "{93FFF4CE-0F31-4D94-A548-40BBA4EFF021}"
EndProject
Global
	GlobalSection(SolutionConfigurationPlatforms) = preSolution
		Debug|Any CPU = Debug|Any CPU
		Debug|x86 = Debug|x86
		Release|Any CPU = Release|Any CPU
		Release|x86 = Release|x86
	EndGlobalSection
	GlobalSection(ProjectConfigurationPlatforms) = postSolution
		{19F4BCE9-1373-431F-B10C-DE79AD13183A}.Debug|Any CPU.ActiveCfg = Debug|Any CPU
		{19F4BCE9-1373-431F-B10C-DE79AD13183A}.Debug|Any CPU.Build.0 = Debug|Any CPU
		{19F4BCE9-1373-431F-B10C-DE79AD13183A}.Debug|x86.ActiveCfg = Debug|Any CPU
		{19F4BCE9-1373-431F-B10C-DE79AD13183A}.Debug|x86.Build.0 = Debug|Any CPU
		{19F4BCE9-1373-431F-B10C-DE79AD13183A}.Release|Any CPU.ActiveCfg = Release|Any CPU
		{19F4BCE9-1373-431F-B10C-DE79AD13183A}.Release|Any CPU.Build.0 = Release|Any CPU
		{19F4BCE9-1373-431F-B10C-DE79AD13183A}.Release|x86.ActiveCfg = Release|x86
		{19F4BCE9-1373-431F-B10C-DE79AD13183A}.Release|x86.Build.0 = Release|x86
		{FFBA6178-92C9-4EFC-B602-CEBAF8DE80FF}.Debug|Any CPU.ActiveCfg = Debug|Any CPU
		{FFBA6178-92C9-4EFC-B602-CEBAF8DE80FF}.Debug|Any CPU.Build.0 = Debug|Any CPU
		{FFBA6178-92C9-4EFC-B602-CEBAF8DE80FF}.Debug|x86.ActiveCfg = Debug|Any CPU
		{FFBA6178-92C9-4EFC-B602-CEBAF8DE80FF}.Debug|x86.Build.0 = Debug|Any CPU
		{FFBA6178-92C9-4EFC-B602-CEBAF8DE80FF}.Release|Any CPU.ActiveCfg = Release|Any CPU
		{FFBA6178-92C9-4EFC-B602-CEBAF8DE80FF}.Release|Any CPU.Build.0 = Release|Any CPU
		{FFBA6178-92C9-4EFC-B602-CEBAF8DE80FF}.Release|x86.ActiveCfg = Release|x86
		{FFBA6178-92C9-4EFC-B602-CEBAF8DE80FF}.Release|x86.Build.0 = Release|x86
		{93FFF4CE-0F31-4D94-A548-40BBA4EFF021}.Debug|Any CPU.ActiveCfg = Debug|Any CPU
		{93FFF4CE-0F31-4D94-A548-40BBA4EFF021}.Debug|Any CPU.Build.0 = Debug|Any CPU
		{93FFF4CE-0F31-4D94-A548-40BBA4EFF021}.Debug|x86.ActiveCfg = Debug|Any CPU
		{93FFF4CE-0F31-4D94-A548-40BBA4EFF021}.Debug|x86.Build.0 = Debug|Any CPU
		{93FFF4CE-0F31-4D94-A548-40BBA4EFF021}.Release|Any CPU.ActiveCfg = Release|Any CPU
		{93FFF4CE-0F31-4D94-A548-40BBA4EFF021}.Release|Any CPU.Build.0 = Release|Any CPU
		{93FFF4CE-0F31-4D94-A548-40BBA4EFF021}.Release|x86.ActiveCfg = Release|x86
		{93FFF4CE-0F31-4D94-A548-40BBA4EFF021}.Release|x86.Build.0 = Release|x86
	EndGlobalSection
	GlobalSection(SolutionProperties) = preSolution
		HideSolutionNode = FALSE
	EndGlobalSection
EndGlobal
